PODS:
  - RxCocoa (6.7.0):
    - RxRelay (= 6.7.0)
    - RxSwift (= 6.7.0)
  - RxRelay (6.7.0):
    - RxSwift (= 6.7.0)
  - RxSwift (6.7.0)

DEPENDENCIES:
  - RxCocoa (= 6.7.0)
  - RxSwift (= 6.7.0)

SPEC REPOS:
  trunk:
    - RxCocoa
    - RxRelay
    - RxSwift

SPEC CHECKSUMS:
  RxCocoa: fb0aefb9e7229c8ab057acde714136d19117f102
  RxRelay: 5d39f4d8da150ad47a71b9ce11915e3eae2a8f4d
  RxSwift: 6ee35684dc3f7a63938758f4b7708199517dfa97

PODFILE CHECKSUM: 38523fd45404960309201d0e00dce0bbf1969f6c

COCOAPODS: 1.15.2
