// !$*UTF8*$!
{
	archiveVersion = 1;
	classes = {
	};
	objectVersion = 56;
	objects = {

/* Begin PBXBuildFile section */
		13D7344D3D49A1B2703F224F /* Pods_RxMemo.framework in Frameworks */ = {isa = PBXBuildFile; fileRef = 501639D6B74A9DBD47EE8E9D /* Pods_RxMemo.framework */; };
		AB0A3CB12BEBBCE200CEF063 /* AppDelegate.swift in Sources */ = {isa = PBXBuildFile; fileRef = AB0A3CB02BEBBCE200CEF063 /* AppDelegate.swift */; };
		AB0A3CB32BEBBCE200CEF063 /* SceneDelegate.swift in Sources */ = {isa = PBXBuildFile; fileRef = AB0A3CB22BEBBCE200CEF063 /* SceneDelegate.swift */; };
		AB0A3CB82BEBBCE200CEF063 /* Main.storyboard in Resources */ = {isa = PBXBuildFile; fileRef = AB0A3CB62BEBBCE200CEF063 /* Main.storyboard */; };
		AB0A3CBB2BEBBCE200CEF063 /* RxMemo.xcdatamodeld in Sources */ = {isa = PBXBuildFile; fileRef = AB0A3CB92BEBBCE200CEF063 /* RxMemo.xcdatamodeld */; };
		AB0A3CBD2BEBBCE300CEF063 /* Assets.xcassets in Resources */ = {isa = PBXBuildFile; fileRef = AB0A3CBC2BEBBCE300CEF063 /* Assets.xcassets */; };
		AB0A3CC02BEBBCE300CEF063 /* LaunchScreen.storyboard in Resources */ = {isa = PBXBuildFile; fileRef = AB0A3CBE2BEBBCE300CEF063 /* LaunchScreen.storyboard */; };
		AB0A3CD02BEBBE0400CEF063 /* MemoStorageType.swift in Sources */ = {isa = PBXBuildFile; fileRef = AB0A3CCF2BEBBE0400CEF063 /* MemoStorageType.swift */; };
		AB0A3CD22BEBBE7B00CEF063 /* Memo.swift in Sources */ = {isa = PBXBuildFile; fileRef = AB0A3CD12BEBBE7B00CEF063 /* Memo.swift */; };
		AB0A3CD42BEBC09C00CEF063 /* MemoListViewController.swift in Sources */ = {isa = PBXBuildFile; fileRef = AB0A3CD32BEBC09C00CEF063 /* MemoListViewController.swift */; };
		AB0A3CDA2BEBC0DA00CEF063 /* MemoDetailViewController.swift in Sources */ = {isa = PBXBuildFile; fileRef = AB0A3CD92BEBC0DA00CEF063 /* MemoDetailViewController.swift */; };
		AB0A3CDC2BEBC0E300CEF063 /* MemoComposeViewController.swift in Sources */ = {isa = PBXBuildFile; fileRef = AB0A3CDB2BEBC0E300CEF063 /* MemoComposeViewController.swift */; };
		AB0A3CDE2BEBC17400CEF063 /* MemoListViewModel.swift in Sources */ = {isa = PBXBuildFile; fileRef = AB0A3CDD2BEBC17400CEF063 /* MemoListViewModel.swift */; };
		AB0A3CE02BEBC18100CEF063 /* MemoDetailViewModel.swift in Sources */ = {isa = PBXBuildFile; fileRef = AB0A3CDF2BEBC18100CEF063 /* MemoDetailViewModel.swift */; };
		AB0A3CE22BEBC18B00CEF063 /* MemoComposeViewModel.swift in Sources */ = {isa = PBXBuildFile; fileRef = AB0A3CE12BEBC18B00CEF063 /* MemoComposeViewModel.swift */; };
		AB0A3CE42BEBC1A100CEF063 /* BaseViewModel.swift in Sources */ = {isa = PBXBuildFile; fileRef = AB0A3CE32BEBC1A100CEF063 /* BaseViewModel.swift */; };
		AB0A3CE62BEBC1E500CEF063 /* ViewModelBindableType.swift in Sources */ = {isa = PBXBuildFile; fileRef = AB0A3CE52BEBC1E500CEF063 /* ViewModelBindableType.swift */; };
		AB0A3CE82BEBC20C00CEF063 /* MemoStorage.swift in Sources */ = {isa = PBXBuildFile; fileRef = AB0A3CE72BEBC20C00CEF063 /* MemoStorage.swift */; };
		AB0A3CEB2BEBC2FA00CEF063 /* TransitionModel.swift in Sources */ = {isa = PBXBuildFile; fileRef = AB0A3CEA2BEBC2FA00CEF063 /* TransitionModel.swift */; };
		AB0A3CED2BEBC34900CEF063 /* Scene.swift in Sources */ = {isa = PBXBuildFile; fileRef = AB0A3CEC2BEBC34900CEF063 /* Scene.swift */; };
		AB0A3CEF2BEBC58100CEF063 /* SceneCoordinatorType.swift in Sources */ = {isa = PBXBuildFile; fileRef = AB0A3CEE2BEBC58100CEF063 /* SceneCoordinatorType.swift */; };
		AB0A3CF12BEBC8D000CEF063 /* SceneCoordinator.swift in Sources */ = {isa = PBXBuildFile; fileRef = AB0A3CF02BEBC8D000CEF063 /* SceneCoordinator.swift */; };
		AB0A3CF52BEDCA7200CEF063 /* CoreDataStorage.swift in Sources */ = {isa = PBXBuildFile; fileRef = AB0A3CF42BEDCA7200CEF063 /* CoreDataStorage.swift */; };
/* End PBXBuildFile section */

/* Begin PBXFileReference section */
		2DCC207C4ED95A6387BA931A /* Pods-RxMemo.debug.xcconfig */ = {isa = PBXFileReference; includeInIndex = 1; lastKnownFileType = text.xcconfig; name = "Pods-RxMemo.debug.xcconfig"; path = "Target Support Files/Pods-RxMemo/Pods-RxMemo.debug.xcconfig"; sourceTree = "<group>"; };
		501639D6B74A9DBD47EE8E9D /* Pods_RxMemo.framework */ = {isa = PBXFileReference; explicitFileType = wrapper.framework; includeInIndex = 0; path = Pods_RxMemo.framework; sourceTree = BUILT_PRODUCTS_DIR; };
		AB0A3CAD2BEBBCE200CEF063 /* RxMemo.app */ = {isa = PBXFileReference; explicitFileType = wrapper.application; includeInIndex = 0; path = RxMemo.app; sourceTree = BUILT_PRODUCTS_DIR; };
		AB0A3CB02BEBBCE200CEF063 /* AppDelegate.swift */ = {isa = PBXFileReference; lastKnownFileType = sourcecode.swift; path = AppDelegate.swift; sourceTree = "<group>"; };
		AB0A3CB22BEBBCE200CEF063 /* SceneDelegate.swift */ = {isa = PBXFileReference; lastKnownFileType = sourcecode.swift; path = SceneDelegate.swift; sourceTree = "<group>"; };
		AB0A3CB72BEBBCE200CEF063 /* Base */ = {isa = PBXFileReference; lastKnownFileType = file.storyboard; name = Base; path = Base.lproj/Main.storyboard; sourceTree = "<group>"; };
		AB0A3CBA2BEBBCE200CEF063 /* RxMemo.xcdatamodel */ = {isa = PBXFileReference; lastKnownFileType = wrapper.xcdatamodel; path = RxMemo.xcdatamodel; sourceTree = "<group>"; };
		AB0A3CBC2BEBBCE300CEF063 /* Assets.xcassets */ = {isa = PBXFileReference; lastKnownFileType = folder.assetcatalog; path = Assets.xcassets; sourceTree = "<group>"; };
		AB0A3CBF2BEBBCE300CEF063 /* Base */ = {isa = PBXFileReference; lastKnownFileType = file.storyboard; name = Base; path = Base.lproj/LaunchScreen.storyboard; sourceTree = "<group>"; };
		AB0A3CC12BEBBCE300CEF063 /* Info.plist */ = {isa = PBXFileReference; lastKnownFileType = text.plist.xml; path = Info.plist; sourceTree = "<group>"; };
		AB0A3CCF2BEBBE0400CEF063 /* MemoStorageType.swift */ = {isa = PBXFileReference; lastKnownFileType = sourcecode.swift; path = MemoStorageType.swift; sourceTree = "<group>"; };
		AB0A3CD12BEBBE7B00CEF063 /* Memo.swift */ = {isa = PBXFileReference; lastKnownFileType = sourcecode.swift; path = Memo.swift; sourceTree = "<group>"; };
		AB0A3CD32BEBC09C00CEF063 /* MemoListViewController.swift */ = {isa = PBXFileReference; lastKnownFileType = sourcecode.swift; path = MemoListViewController.swift; sourceTree = "<group>"; };
		AB0A3CD92BEBC0DA00CEF063 /* MemoDetailViewController.swift */ = {isa = PBXFileReference; lastKnownFileType = sourcecode.swift; path = MemoDetailViewController.swift; sourceTree = "<group>"; };
		AB0A3CDB2BEBC0E300CEF063 /* MemoComposeViewController.swift */ = {isa = PBXFileReference; lastKnownFileType = sourcecode.swift; path = MemoComposeViewController.swift; sourceTree = "<group>"; };
		AB0A3CDD2BEBC17400CEF063 /* MemoListViewModel.swift */ = {isa = PBXFileReference; lastKnownFileType = sourcecode.swift; path = MemoListViewModel.swift; sourceTree = "<group>"; };
		AB0A3CDF2BEBC18100CEF063 /* MemoDetailViewModel.swift */ = {isa = PBXFileReference; lastKnownFileType = sourcecode.swift; path = MemoDetailViewModel.swift; sourceTree = "<group>"; };
		AB0A3CE12BEBC18B00CEF063 /* MemoComposeViewModel.swift */ = {isa = PBXFileReference; lastKnownFileType = sourcecode.swift; path = MemoComposeViewModel.swift; sourceTree = "<group>"; };
		AB0A3CE32BEBC1A100CEF063 /* BaseViewModel.swift */ = {isa = PBXFileReference; lastKnownFileType = sourcecode.swift; path = BaseViewModel.swift; sourceTree = "<group>"; };
		AB0A3CE52BEBC1E500CEF063 /* ViewModelBindableType.swift */ = {isa = PBXFileReference; lastKnownFileType = sourcecode.swift; path = ViewModelBindableType.swift; sourceTree = "<group>"; };
		AB0A3CE72BEBC20C00CEF063 /* MemoStorage.swift */ = {isa = PBXFileReference; lastKnownFileType = sourcecode.swift; path = MemoStorage.swift; sourceTree = "<group>"; };
		AB0A3CEA2BEBC2FA00CEF063 /* TransitionModel.swift */ = {isa = PBXFileReference; lastKnownFileType = sourcecode.swift; path = TransitionModel.swift; sourceTree = "<group>"; };
		AB0A3CEC2BEBC34900CEF063 /* Scene.swift */ = {isa = PBXFileReference; lastKnownFileType = sourcecode.swift; path = Scene.swift; sourceTree = "<group>"; };
		AB0A3CEE2BEBC58100CEF063 /* SceneCoordinatorType.swift */ = {isa = PBXFileReference; lastKnownFileType = sourcecode.swift; path = SceneCoordinatorType.swift; sourceTree = "<group>"; };
		AB0A3CF02BEBC8D000CEF063 /* SceneCoordinator.swift */ = {isa = PBXFileReference; lastKnownFileType = sourcecode.swift; path = SceneCoordinator.swift; sourceTree = "<group>"; };
		AB0A3CF42BEDCA7200CEF063 /* CoreDataStorage.swift */ = {isa = PBXFileReference; lastKnownFileType = sourcecode.swift; path = CoreDataStorage.swift; sourceTree = "<group>"; };
		EE6D5492CB4F3F99C795260C /* Pods-RxMemo.release.xcconfig */ = {isa = PBXFileReference; includeInIndex = 1; lastKnownFileType = text.xcconfig; name = "Pods-RxMemo.release.xcconfig"; path = "Target Support Files/Pods-RxMemo/Pods-RxMemo.release.xcconfig"; sourceTree = "<group>"; };
/* End PBXFileReference section */

/* Begin PBXFrameworksBuildPhase section */
		AB0A3CAA2BEBBCE200CEF063 /* Frameworks */ = {
			isa = PBXFrameworksBuildPhase;
			buildActionMask = 2147483647;
			files = (
				13D7344D3D49A1B2703F224F /* Pods_RxMemo.framework in Frameworks */,
			);
			runOnlyForDeploymentPostprocessing = 0;
		};
/* End PBXFrameworksBuildPhase section */

/* Begin PBXGroup section */
		401289504E9AA1582EFFDDDB /* Frameworks */ = {
			isa = PBXGroup;
			children = (
				501639D6B74A9DBD47EE8E9D /* Pods_RxMemo.framework */,
			);
			name = Frameworks;
			sourceTree = "<group>";
		};
		AB0A3CA42BEBBCE200CEF063 = {
			isa = PBXGroup;
			children = (
				AB0A3CAF2BEBBCE200CEF063 /* RxMemo */,
				AB0A3CAE2BEBBCE200CEF063 /* Products */,
				E5DAB3209D63087D17B29B24 /* Pods */,
				401289504E9AA1582EFFDDDB /* Frameworks */,
			);
			sourceTree = "<group>";
		};
		AB0A3CAE2BEBBCE200CEF063 /* Products */ = {
			isa = PBXGroup;
			children = (
				AB0A3CAD2BEBBCE200CEF063 /* RxMemo.app */,
			);
			name = Products;
			sourceTree = "<group>";
		};
		AB0A3CAF2BEBBCE200CEF063 /* RxMemo */ = {
			isa = PBXGroup;
			children = (
				AB0A3CC72BEBBD9500CEF063 /* App */,
				AB0A3CE92BEBC2E700CEF063 /* Scene */,
				AB0A3CC92BEBBDA600CEF063 /* Model */,
				AB0A3CC82BEBBD9E00CEF063 /* ViewController */,
				AB0A3CCA2BEBBDAA00CEF063 /* ViewModel */,
				AB0A3CCB2BEBBDB000CEF063 /* Service */,
				AB0A3CCC2BEBBDC000CEF063 /* Resource */,
				AB0A3CC12BEBBCE300CEF063 /* Info.plist */,
			);
			path = RxMemo;
			sourceTree = "<group>";
		};
		AB0A3CC72BEBBD9500CEF063 /* App */ = {
			isa = PBXGroup;
			children = (
				AB0A3CB02BEBBCE200CEF063 /* AppDelegate.swift */,
				AB0A3CB22BEBBCE200CEF063 /* SceneDelegate.swift */,
			);
			path = App;
			sourceTree = "<group>";
		};
		AB0A3CC82BEBBD9E00CEF063 /* ViewController */ = {
			isa = PBXGroup;
			children = (
				AB0A3CB62BEBBCE200CEF063 /* Main.storyboard */,
				AB0A3CBE2BEBBCE300CEF063 /* LaunchScreen.storyboard */,
				AB0A3CD32BEBC09C00CEF063 /* MemoListViewController.swift */,
				AB0A3CD92BEBC0DA00CEF063 /* MemoDetailViewController.swift */,
				AB0A3CDB2BEBC0E300CEF063 /* MemoComposeViewController.swift */,
			);
			path = ViewController;
			sourceTree = "<group>";
		};
		AB0A3CC92BEBBDA600CEF063 /* Model */ = {
			isa = PBXGroup;
			children = (
				AB0A3CD12BEBBE7B00CEF063 /* Memo.swift */,
			);
			path = Model;
			sourceTree = "<group>";
		};
		AB0A3CCA2BEBBDAA00CEF063 /* ViewModel */ = {
			isa = PBXGroup;
			children = (
				AB0A3CDD2BEBC17400CEF063 /* MemoListViewModel.swift */,
				AB0A3CDF2BEBC18100CEF063 /* MemoDetailViewModel.swift */,
				AB0A3CE12BEBC18B00CEF063 /* MemoComposeViewModel.swift */,
				AB0A3CE32BEBC1A100CEF063 /* BaseViewModel.swift */,
				AB0A3CE52BEBC1E500CEF063 /* ViewModelBindableType.swift */,
			);
			path = ViewModel;
			sourceTree = "<group>";
		};
		AB0A3CCB2BEBBDB000CEF063 /* Service */ = {
			isa = PBXGroup;
			children = (
				AB0A3CCD2BEBBDE500CEF063 /* CoreDataStorage */,
				AB0A3CCE2BEBBDED00CEF063 /* MemoStorage */,
				AB0A3CCF2BEBBE0400CEF063 /* MemoStorageType.swift */,
			);
			path = Service;
			sourceTree = "<group>";
		};
		AB0A3CCC2BEBBDC000CEF063 /* Resource */ = {
			isa = PBXGroup;
			children = (
				AB0A3CBC2BEBBCE300CEF063 /* Assets.xcassets */,
			);
			path = Resource;
			sourceTree = "<group>";
		};
		AB0A3CCD2BEBBDE500CEF063 /* CoreDataStorage */ = {
			isa = PBXGroup;
			children = (
				AB0A3CB92BEBBCE200CEF063 /* RxMemo.xcdatamodeld */,
				AB0A3CF42BEDCA7200CEF063 /* CoreDataStorage.swift */,
			);
			path = CoreDataStorage;
			sourceTree = "<group>";
		};
		AB0A3CCE2BEBBDED00CEF063 /* MemoStorage */ = {
			isa = PBXGroup;
			children = (
				AB0A3CE72BEBC20C00CEF063 /* MemoStorage.swift */,
			);
			path = MemoStorage;
			sourceTree = "<group>";
		};
		AB0A3CE92BEBC2E700CEF063 /* Scene */ = {
			isa = PBXGroup;
			children = (
				AB0A3CEA2BEBC2FA00CEF063 /* TransitionModel.swift */,
				AB0A3CEC2BEBC34900CEF063 /* Scene.swift */,
				AB0A3CEE2BEBC58100CEF063 /* SceneCoordinatorType.swift */,
				AB0A3CF02BEBC8D000CEF063 /* SceneCoordinator.swift */,
			);
			path = Scene;
			sourceTree = "<group>";
		};
		E5DAB3209D63087D17B29B24 /* Pods */ = {
			isa = PBXGroup;
			children = (
				2DCC207C4ED95A6387BA931A /* Pods-RxMemo.debug.xcconfig */,
				EE6D5492CB4F3F99C795260C /* Pods-RxMemo.release.xcconfig */,
			);
			path = Pods;
			sourceTree = "<group>";
		};
/* End PBXGroup section */

/* Begin PBXNativeTarget section */
		AB0A3CAC2BEBBCE200CEF063 /* RxMemo */ = {
			isa = PBXNativeTarget;
			buildConfigurationList = AB0A3CC42BEBBCE300CEF063 /* Build configuration list for PBXNativeTarget "RxMemo" */;
			buildPhases = (
				F1827E4BFE8769026A0303E3 /* [CP] Check Pods Manifest.lock */,
				AB0A3CA92BEBBCE200CEF063 /* Sources */,
				AB0A3CAA2BEBBCE200CEF063 /* Frameworks */,
				AB0A3CAB2BEBBCE200CEF063 /* Resources */,
				F98858D3D8E01CB1FB006794 /* [CP] Embed Pods Frameworks */,
			);
			buildRules = (
			);
			dependencies = (
			);
			name = RxMemo;
			productName = RxMemo;
			productReference = AB0A3CAD2BEBBCE200CEF063 /* RxMemo.app */;
			productType = "com.apple.product-type.application";
		};
/* End PBXNativeTarget section */

/* Begin PBXProject section */
		AB0A3CA52BEBBCE200CEF063 /* Project object */ = {
			isa = PBXProject;
			attributes = {
				BuildIndependentTargetsInParallel = 1;
				LastSwiftUpdateCheck = 1500;
				LastUpgradeCheck = 1500;
				TargetAttributes = {
					AB0A3CAC2BEBBCE200CEF063 = {
						CreatedOnToolsVersion = 15.0;
					};
				};
			};
			buildConfigurationList = AB0A3CA82BEBBCE200CEF063 /* Build configuration list for PBXProject "RxMemo" */;
			compatibilityVersion = "Xcode 14.0";
			developmentRegion = en;
			hasScannedForEncodings = 0;
			knownRegions = (
				en,
				Base,
			);
			mainGroup = AB0A3CA42BEBBCE200CEF063;
			productRefGroup = AB0A3CAE2BEBBCE200CEF063 /* Products */;
			projectDirPath = "";
			projectRoot = "";
			targets = (
				AB0A3CAC2BEBBCE200CEF063 /* RxMemo */,
			);
		};
/* End PBXProject section */

/* Begin PBXResourcesBuildPhase section */
		AB0A3CAB2BEBBCE200CEF063 /* Resources */ = {
			isa = PBXResourcesBuildPhase;
			buildActionMask = 2147483647;
			files = (
				AB0A3CC02BEBBCE300CEF063 /* LaunchScreen.storyboard in Resources */,
				AB0A3CBD2BEBBCE300CEF063 /* Assets.xcassets in Resources */,
				AB0A3CB82BEBBCE200CEF063 /* Main.storyboard in Resources */,
			);
			runOnlyForDeploymentPostprocessing = 0;
		};
/* End PBXResourcesBuildPhase section */

/* Begin PBXShellScriptBuildPhase section */
		F1827E4BFE8769026A0303E3 /* [CP] Check Pods Manifest.lock */ = {
			isa = PBXShellScriptBuildPhase;
			buildActionMask = 2147483647;
			files = (
			);
			inputFileListPaths = (
			);
			inputPaths = (
				"${PODS_PODFILE_DIR_PATH}/Podfile.lock",
				"${PODS_ROOT}/Manifest.lock",
			);
			name = "[CP] Check Pods Manifest.lock";
			outputFileListPaths = (
			);
			outputPaths = (
				"$(DERIVED_FILE_DIR)/Pods-RxMemo-checkManifestLockResult.txt",
			);
			runOnlyForDeploymentPostprocessing = 0;
			shellPath = /bin/sh;
			shellScript = "diff \"${PODS_PODFILE_DIR_PATH}/Podfile.lock\" \"${PODS_ROOT}/Manifest.lock\" > /dev/null\nif [ $? != 0 ] ; then\n    # print error to STDERR\n    echo \"error: The sandbox is not in sync with the Podfile.lock. Run 'pod install' or update your CocoaPods installation.\" >&2\n    exit 1\nfi\n# This output is used by Xcode 'outputs' to avoid re-running this script phase.\necho \"SUCCESS\" > \"${SCRIPT_OUTPUT_FILE_0}\"\n";
			showEnvVarsInLog = 0;
		};
		F98858D3D8E01CB1FB006794 /* [CP] Embed Pods Frameworks */ = {
			isa = PBXShellScriptBuildPhase;
			buildActionMask = 2147483647;
			files = (
			);
			inputFileListPaths = (
				"${PODS_ROOT}/Target Support Files/Pods-RxMemo/Pods-RxMemo-frameworks-${CONFIGURATION}-input-files.xcfilelist",
			);
			name = "[CP] Embed Pods Frameworks";
			outputFileListPaths = (
				"${PODS_ROOT}/Target Support Files/Pods-RxMemo/Pods-RxMemo-frameworks-${CONFIGURATION}-output-files.xcfilelist",
			);
			runOnlyForDeploymentPostprocessing = 0;
			shellPath = /bin/sh;
			shellScript = "\"${PODS_ROOT}/Target Support Files/Pods-RxMemo/Pods-RxMemo-frameworks.sh\"\n";
			showEnvVarsInLog = 0;
		};
/* End PBXShellScriptBuildPhase section */

/* Begin PBXSourcesBuildPhase section */
		AB0A3CA92BEBBCE200CEF063 /* Sources */ = {
			isa = PBXSourcesBuildPhase;
			buildActionMask = 2147483647;
			files = (
				AB0A3CDA2BEBC0DA00CEF063 /* MemoDetailViewController.swift in Sources */,
				AB0A3CF52BEDCA7200CEF063 /* CoreDataStorage.swift in Sources */,
				AB0A3CD02BEBBE0400CEF063 /* MemoStorageType.swift in Sources */,
				AB0A3CEF2BEBC58100CEF063 /* SceneCoordinatorType.swift in Sources */,
				AB0A3CE22BEBC18B00CEF063 /* MemoComposeViewModel.swift in Sources */,
				AB0A3CEB2BEBC2FA00CEF063 /* TransitionModel.swift in Sources */,
				AB0A3CED2BEBC34900CEF063 /* Scene.swift in Sources */,
				AB0A3CB12BEBBCE200CEF063 /* AppDelegate.swift in Sources */,
				AB0A3CE02BEBC18100CEF063 /* MemoDetailViewModel.swift in Sources */,
				AB0A3CE42BEBC1A100CEF063 /* BaseViewModel.swift in Sources */,
				AB0A3CF12BEBC8D000CEF063 /* SceneCoordinator.swift in Sources */,
				AB0A3CD42BEBC09C00CEF063 /* MemoListViewController.swift in Sources */,
				AB0A3CB32BEBBCE200CEF063 /* SceneDelegate.swift in Sources */,
				AB0A3CDC2BEBC0E300CEF063 /* MemoComposeViewController.swift in Sources */,
				AB0A3CBB2BEBBCE200CEF063 /* RxMemo.xcdatamodeld in Sources */,
				AB0A3CD22BEBBE7B00CEF063 /* Memo.swift in Sources */,
				AB0A3CDE2BEBC17400CEF063 /* MemoListViewModel.swift in Sources */,
				AB0A3CE62BEBC1E500CEF063 /* ViewModelBindableType.swift in Sources */,
				AB0A3CE82BEBC20C00CEF063 /* MemoStorage.swift in Sources */,
			);
			runOnlyForDeploymentPostprocessing = 0;
		};
/* End PBXSourcesBuildPhase section */

/* Begin PBXVariantGroup section */
		AB0A3CB62BEBBCE200CEF063 /* Main.storyboard */ = {
			isa = PBXVariantGroup;
			children = (
				AB0A3CB72BEBBCE200CEF063 /* Base */,
			);
			name = Main.storyboard;
			sourceTree = "<group>";
		};
		AB0A3CBE2BEBBCE300CEF063 /* LaunchScreen.storyboard */ = {
			isa = PBXVariantGroup;
			children = (
				AB0A3CBF2BEBBCE300CEF063 /* Base */,
			);
			name = LaunchScreen.storyboard;
			sourceTree = "<group>";
		};
/* End PBXVariantGroup section */

/* Begin XCBuildConfiguration section */
		AB0A3CC22BEBBCE300CEF063 /* Debug */ = {
			isa = XCBuildConfiguration;
			buildSettings = {
				ALWAYS_SEARCH_USER_PATHS = NO;
				ASSETCATALOG_COMPILER_GENERATE_SWIFT_ASSET_SYMBOL_EXTENSIONS = YES;
				CLANG_ANALYZER_NONNULL = YES;
				CLANG_ANALYZER_NUMBER_OBJECT_CONVERSION = YES_AGGRESSIVE;
				CLANG_CXX_LANGUAGE_STANDARD = "gnu++20";
				CLANG_ENABLE_MODULES = YES;
				CLANG_ENABLE_OBJC_ARC = YES;
				CLANG_ENABLE_OBJC_WEAK = YES;
				CLANG_WARN_BLOCK_CAPTURE_AUTORELEASING = YES;
				CLANG_WARN_BOOL_CONVERSION = YES;
				CLANG_WARN_COMMA = YES;
				CLANG_WARN_CONSTANT_CONVERSION = YES;
				CLANG_WARN_DEPRECATED_OBJC_IMPLEMENTATIONS = YES;
				CLANG_WARN_DIRECT_OBJC_ISA_USAGE = YES_ERROR;
				CLANG_WARN_DOCUMENTATION_COMMENTS = YES;
				CLANG_WARN_EMPTY_BODY = YES;
				CLANG_WARN_ENUM_CONVERSION = YES;
				CLANG_WARN_INFINITE_RECURSION = YES;
				CLANG_WARN_INT_CONVERSION = YES;
				CLANG_WARN_NON_LITERAL_NULL_CONVERSION = YES;
				CLANG_WARN_OBJC_IMPLICIT_RETAIN_SELF = YES;
				CLANG_WARN_OBJC_LITERAL_CONVERSION = YES;
				CLANG_WARN_OBJC_ROOT_CLASS = YES_ERROR;
				CLANG_WARN_QUOTED_INCLUDE_IN_FRAMEWORK_HEADER = YES;
				CLANG_WARN_RANGE_LOOP_ANALYSIS = YES;
				CLANG_WARN_STRICT_PROTOTYPES = YES;
				CLANG_WARN_SUSPICIOUS_MOVE = YES;
				CLANG_WARN_UNGUARDED_AVAILABILITY = YES_AGGRESSIVE;
				CLANG_WARN_UNREACHABLE_CODE = YES;
				CLANG_WARN__DUPLICATE_METHOD_MATCH = YES;
				COPY_PHASE_STRIP = NO;
				DEBUG_INFORMATION_FORMAT = dwarf;
				ENABLE_STRICT_OBJC_MSGSEND = YES;
				ENABLE_TESTABILITY = YES;
				ENABLE_USER_SCRIPT_SANDBOXING = NO;
				GCC_C_LANGUAGE_STANDARD = gnu17;
				GCC_DYNAMIC_NO_PIC = NO;
				GCC_NO_COMMON_BLOCKS = YES;
				GCC_OPTIMIZATION_LEVEL = 0;
				GCC_PREPROCESSOR_DEFINITIONS = (
					"DEBUG=1",
					"$(inherited)",
				);
				GCC_WARN_64_TO_32_BIT_CONVERSION = YES;
				GCC_WARN_ABOUT_RETURN_TYPE = YES_ERROR;
				GCC_WARN_UNDECLARED_SELECTOR = YES;
				GCC_WARN_UNINITIALIZED_AUTOS = YES_AGGRESSIVE;
				GCC_WARN_UNUSED_FUNCTION = YES;
				GCC_WARN_UNUSED_VARIABLE = YES;
				IPHONEOS_DEPLOYMENT_TARGET = 15.0;
				LOCALIZATION_PREFERS_STRING_CATALOGS = YES;
				MTL_ENABLE_DEBUG_INFO = INCLUDE_SOURCE;
				MTL_FAST_MATH = YES;
				ONLY_ACTIVE_ARCH = YES;
				SDKROOT = iphoneos;
				SWIFT_ACTIVE_COMPILATION_CONDITIONS = "DEBUG $(inherited)";
				SWIFT_OPTIMIZATION_LEVEL = "-Onone";
			};
			name = Debug;
		};
		AB0A3CC32BEBBCE300CEF063 /* Release */ = {
			isa = XCBuildConfiguration;
			buildSettings = {
				ALWAYS_SEARCH_USER_PATHS = NO;
				ASSETCATALOG_COMPILER_GENERATE_SWIFT_ASSET_SYMBOL_EXTENSIONS = YES;
				CLANG_ANALYZER_NONNULL = YES;
				CLANG_ANALYZER_NUMBER_OBJECT_CONVERSION = YES_AGGRESSIVE;
				CLANG_CXX_LANGUAGE_STANDARD = "gnu++20";
				CLANG_ENABLE_MODULES = YES;
				CLANG_ENABLE_OBJC_ARC = YES;
				CLANG_ENABLE_OBJC_WEAK = YES;
				CLANG_WARN_BLOCK_CAPTURE_AUTORELEASING = YES;
				CLANG_WARN_BOOL_CONVERSION = YES;
				CLANG_WARN_COMMA = YES;
				CLANG_WARN_CONSTANT_CONVERSION = YES;
				CLANG_WARN_DEPRECATED_OBJC_IMPLEMENTATIONS = YES;
				CLANG_WARN_DIRECT_OBJC_ISA_USAGE = YES_ERROR;
				CLANG_WARN_DOCUMENTATION_COMMENTS = YES;
				CLANG_WARN_EMPTY_BODY = YES;
				CLANG_WARN_ENUM_CONVERSION = YES;
				CLANG_WARN_INFINITE_RECURSION = YES;
				CLANG_WARN_INT_CONVERSION = YES;
				CLANG_WARN_NON_LITERAL_NULL_CONVERSION = YES;
				CLANG_WARN_OBJC_IMPLICIT_RETAIN_SELF = YES;
				CLANG_WARN_OBJC_LITERAL_CONVERSION = YES;
				CLANG_WARN_OBJC_ROOT_CLASS = YES_ERROR;
				CLANG_WARN_QUOTED_INCLUDE_IN_FRAMEWORK_HEADER = YES;
				CLANG_WARN_RANGE_LOOP_ANALYSIS = YES;
				CLANG_WARN_STRICT_PROTOTYPES = YES;
				CLANG_WARN_SUSPICIOUS_MOVE = YES;
				CLANG_WARN_UNGUARDED_AVAILABILITY = YES_AGGRESSIVE;
				CLANG_WARN_UNREACHABLE_CODE = YES;
				CLANG_WARN__DUPLICATE_METHOD_MATCH = YES;
				COPY_PHASE_STRIP = NO;
				DEBUG_INFORMATION_FORMAT = "dwarf-with-dsym";
				ENABLE_NS_ASSERTIONS = NO;
				ENABLE_STRICT_OBJC_MSGSEND = YES;
				ENABLE_USER_SCRIPT_SANDBOXING = NO;
				GCC_C_LANGUAGE_STANDARD = gnu17;
				GCC_NO_COMMON_BLOCKS = YES;
				GCC_WARN_64_TO_32_BIT_CONVERSION = YES;
				GCC_WARN_ABOUT_RETURN_TYPE = YES_ERROR;
				GCC_WARN_UNDECLARED_SELECTOR = YES;
				GCC_WARN_UNINITIALIZED_AUTOS = YES_AGGRESSIVE;
				GCC_WARN_UNUSED_FUNCTION = YES;
				GCC_WARN_UNUSED_VARIABLE = YES;
				IPHONEOS_DEPLOYMENT_TARGET = 15.0;
				LOCALIZATION_PREFERS_STRING_CATALOGS = YES;
				MTL_ENABLE_DEBUG_INFO = NO;
				MTL_FAST_MATH = YES;
				SDKROOT = iphoneos;
				SWIFT_COMPILATION_MODE = wholemodule;
				VALIDATE_PRODUCT = YES;
			};
			name = Release;
		};
		AB0A3CC52BEBBCE300CEF063 /* Debug */ = {
			isa = XCBuildConfiguration;
			baseConfigurationReference = 2DCC207C4ED95A6387BA931A /* Pods-RxMemo.debug.xcconfig */;
			buildSettings = {
				ASSETCATALOG_COMPILER_APPICON_NAME = AppIcon;
				ASSETCATALOG_COMPILER_GLOBAL_ACCENT_COLOR_NAME = AccentColor;
				CODE_SIGN_STYLE = Automatic;
				CURRENT_PROJECT_VERSION = 1;
				DEVELOPMENT_TEAM = BTX96P3YD4;
				GENERATE_INFOPLIST_FILE = YES;
				INFOPLIST_FILE = RxMemo/Info.plist;
				INFOPLIST_KEY_UIApplicationSupportsIndirectInputEvents = YES;
				INFOPLIST_KEY_UILaunchStoryboardName = LaunchScreen;
				INFOPLIST_KEY_UIMainStoryboardFile = Main;
				INFOPLIST_KEY_UISupportedInterfaceOrientations_iPad = "UIInterfaceOrientationPortrait UIInterfaceOrientationPortraitUpsideDown UIInterfaceOrientationLandscapeLeft UIInterfaceOrientationLandscapeRight";
				INFOPLIST_KEY_UISupportedInterfaceOrientations_iPhone = "UIInterfaceOrientationPortrait UIInterfaceOrientationLandscapeLeft UIInterfaceOrientationLandscapeRight";
				LD_RUNPATH_SEARCH_PATHS = (
					"$(inherited)",
					"@executable_path/Frameworks",
				);
				MARKETING_VERSION = 1.0;
				PRODUCT_BUNDLE_IDENTIFIER = min.RxMemo;
				PRODUCT_NAME = "$(TARGET_NAME)";
				SWIFT_EMIT_LOC_STRINGS = YES;
				SWIFT_VERSION = 5.0;
				TARGETED_DEVICE_FAMILY = "1,2";
			};
			name = Debug;
		};
		AB0A3CC62BEBBCE300CEF063 /* Release */ = {
			isa = XCBuildConfiguration;
			baseConfigurationReference = EE6D5492CB4F3F99C795260C /* Pods-RxMemo.release.xcconfig */;
			buildSettings = {
				ASSETCATALOG_COMPILER_APPICON_NAME = AppIcon;
				ASSETCATALOG_COMPILER_GLOBAL_ACCENT_COLOR_NAME = AccentColor;
				CODE_SIGN_STYLE = Automatic;
				CURRENT_PROJECT_VERSION = 1;
				DEVELOPMENT_TEAM = BTX96P3YD4;
				GENERATE_INFOPLIST_FILE = YES;
				INFOPLIST_FILE = RxMemo/Info.plist;
				INFOPLIST_KEY_UIApplicationSupportsIndirectInputEvents = YES;
				INFOPLIST_KEY_UILaunchStoryboardName = LaunchScreen;
				INFOPLIST_KEY_UIMainStoryboardFile = Main;
				INFOPLIST_KEY_UISupportedInterfaceOrientations_iPad = "UIInterfaceOrientationPortrait UIInterfaceOrientationPortraitUpsideDown UIInterfaceOrientationLandscapeLeft UIInterfaceOrientationLandscapeRight";
				INFOPLIST_KEY_UISupportedInterfaceOrientations_iPhone = "UIInterfaceOrientationPortrait UIInterfaceOrientationLandscapeLeft UIInterfaceOrientationLandscapeRight";
				LD_RUNPATH_SEARCH_PATHS = (
					"$(inherited)",
					"@executable_path/Frameworks",
				);
				MARKETING_VERSION = 1.0;
				PRODUCT_BUNDLE_IDENTIFIER = min.RxMemo;
				PRODUCT_NAME = "$(TARGET_NAME)";
				SWIFT_EMIT_LOC_STRINGS = YES;
				SWIFT_VERSION = 5.0;
				TARGETED_DEVICE_FAMILY = "1,2";
			};
			name = Release;
		};
/* End XCBuildConfiguration section */

/* Begin XCConfigurationList section */
		AB0A3CA82BEBBCE200CEF063 /* Build configuration list for PBXProject "RxMemo" */ = {
			isa = XCConfigurationList;
			buildConfigurations = (
				AB0A3CC22BEBBCE300CEF063 /* Debug */,
				AB0A3CC32BEBBCE300CEF063 /* Release */,
			);
			defaultConfigurationIsVisible = 0;
			defaultConfigurationName = Release;
		};
		AB0A3CC42BEBBCE300CEF063 /* Build configuration list for PBXNativeTarget "RxMemo" */ = {
			isa = XCConfigurationList;
			buildConfigurations = (
				AB0A3CC52BEBBCE300CEF063 /* Debug */,
				AB0A3CC62BEBBCE300CEF063 /* Release */,
			);
			defaultConfigurationIsVisible = 0;
			defaultConfigurationName = Release;
		};
/* End XCConfigurationList section */

/* Begin XCVersionGroup section */
		AB0A3CB92BEBBCE200CEF063 /* RxMemo.xcdatamodeld */ = {
			isa = XCVersionGroup;
			children = (
				AB0A3CBA2BEBBCE200CEF063 /* RxMemo.xcdatamodel */,
			);
			currentVersion = AB0A3CBA2BEBBCE200CEF063 /* RxMemo.xcdatamodel */;
			path = RxMemo.xcdatamodeld;
			sourceTree = "<group>";
			versionGroupType = wrapper.xcdatamodel;
		};
/* End XCVersionGroup section */
	};
	rootObject = AB0A3CA52BEBBCE200CEF063 /* Project object */;
}
