// !$*UTF8*$!
{
	archiveVersion = 1;
	classes = {
	};
	objectVersion = 56;
	objects = {

/* Begin PBXBuildFile section */
		7E9D6C1B071D55B971C65350 /* Pods_RxSwift_Practice.framework in Frameworks */ = {isa = PBXBuildFile; fileRef = BBF3CD6F19F2085602BA5FBA /* Pods_RxSwift_Practice.framework */; };
		AB1E43542BE252290005C39D /* AppDelegate.swift in Sources */ = {isa = PBXBuildFile; fileRef = AB1E43532BE252290005C39D /* AppDelegate.swift */; };
		AB1E43562BE252290005C39D /* SceneDelegate.swift in Sources */ = {isa = PBXBuildFile; fileRef = AB1E43552BE252290005C39D /* SceneDelegate.swift */; };
		AB1E43582BE252290005C39D /* ViewController.swift in Sources */ = {isa = PBXBuildFile; fileRef = AB1E43572BE252290005C39D /* ViewController.swift */; };
		AB1E435B2BE252290005C39D /* Main.storyboard in Resources */ = {isa = PBXBuildFile; fileRef = AB1E43592BE252290005C39D /* Main.storyboard */; };
		AB1E435D2BE2522A0005C39D /* Assets.xcassets in Resources */ = {isa = PBXBuildFile; fileRef = AB1E435C2BE2522A0005C39D /* Assets.xcassets */; };
		AB1E43602BE2522A0005C39D /* LaunchScreen.storyboard in Resources */ = {isa = PBXBuildFile; fileRef = AB1E435E2BE2522A0005C39D /* LaunchScreen.storyboard */; };
/* End PBXBuildFile section */

/* Begin PBXFileReference section */
		95896CB1CBB6576DCA35878C /* Pods-RxSwift-Practice.debug.xcconfig */ = {isa = PBXFileReference; includeInIndex = 1; lastKnownFileType = text.xcconfig; name = "Pods-RxSwift-Practice.debug.xcconfig"; path = "Target Support Files/Pods-RxSwift-Practice/Pods-RxSwift-Practice.debug.xcconfig"; sourceTree = "<group>"; };
		A49AC7C93E42FA2CB884B672 /* Pods-RxSwift-Practice.release.xcconfig */ = {isa = PBXFileReference; includeInIndex = 1; lastKnownFileType = text.xcconfig; name = "Pods-RxSwift-Practice.release.xcconfig"; path = "Target Support Files/Pods-RxSwift-Practice/Pods-RxSwift-Practice.release.xcconfig"; sourceTree = "<group>"; };
		AB0278252BE25377003B20CF /* Observable.playground */ = {isa = PBXFileReference; lastKnownFileType = file.playground; path = Observable.playground; sourceTree = "<group>"; xcLanguageSpecificationIdentifier = xcode.lang.swift; };
		AB0278262BE258F1003B20CF /* Infallible.playground */ = {isa = PBXFileReference; lastKnownFileType = file.playground; path = Infallible.playground; sourceTree = "<group>"; xcLanguageSpecificationIdentifier = xcode.lang.swift; };
		AB0278272BE26013003B20CF /* Disposables.playground */ = {isa = PBXFileReference; lastKnownFileType = file.playground; name = Disposables.playground; path = ../../Disposables.playground; sourceTree = "<group>"; xcLanguageSpecificationIdentifier = xcode.lang.swift; };
		AB0278292BE26848003B20CF /* PublishSubject.playground */ = {isa = PBXFileReference; lastKnownFileType = file.playground; path = PublishSubject.playground; sourceTree = "<group>"; xcLanguageSpecificationIdentifier = xcode.lang.swift; };
		AB02782A2BE26C88003B20CF /* BehaviorSubject.playground */ = {isa = PBXFileReference; lastKnownFileType = file.playground; path = BehaviorSubject.playground; sourceTree = "<group>"; xcLanguageSpecificationIdentifier = xcode.lang.swift; };
		AB02782B2BE26E89003B20CF /* ReplaySubject.playground */ = {isa = PBXFileReference; lastKnownFileType = file.playground; path = ReplaySubject.playground; sourceTree = "<group>"; xcLanguageSpecificationIdentifier = xcode.lang.swift; };
		AB02782C2BE28B06003B20CF /* AsyncSubject.playground */ = {isa = PBXFileReference; lastKnownFileType = file.playground; path = AsyncSubject.playground; sourceTree = "<group>"; xcLanguageSpecificationIdentifier = xcode.lang.swift; };
		AB02782D2BE28D2E003B20CF /* Relay.playground */ = {isa = PBXFileReference; lastKnownFileType = file.playground; path = Relay.playground; sourceTree = "<group>"; xcLanguageSpecificationIdentifier = xcode.lang.swift; };
		AB0278302BE28F5D003B20CF /* just.playground */ = {isa = PBXFileReference; lastKnownFileType = file.playground; path = just.playground; sourceTree = "<group>"; xcLanguageSpecificationIdentifier = xcode.lang.swift; };
		AB10D49C2BE2900300A6FCCD /* of.playground */ = {isa = PBXFileReference; lastKnownFileType = file.playground; path = of.playground; sourceTree = "<group>"; xcLanguageSpecificationIdentifier = xcode.lang.swift; };
		AB10D49D2BE2907500A6FCCD /* from.playground */ = {isa = PBXFileReference; lastKnownFileType = file.playground; path = from.playground; sourceTree = "<group>"; xcLanguageSpecificationIdentifier = xcode.lang.swift; };
		AB10D49E2BE290F600A6FCCD /* range.playground */ = {isa = PBXFileReference; lastKnownFileType = file.playground; path = range.playground; sourceTree = "<group>"; xcLanguageSpecificationIdentifier = xcode.lang.swift; };
		AB10D49F2BE2918400A6FCCD /* generate.playground */ = {isa = PBXFileReference; lastKnownFileType = file.playground; path = generate.playground; sourceTree = "<group>"; xcLanguageSpecificationIdentifier = xcode.lang.swift; };
		AB10D4A02BE2939100A6FCCD /* repeatElement.playground */ = {isa = PBXFileReference; lastKnownFileType = file.playground; path = repeatElement.playground; sourceTree = "<group>"; xcLanguageSpecificationIdentifier = xcode.lang.swift; };
		AB10D4A22BE2953300A6FCCD /* deferred.playground */ = {isa = PBXFileReference; lastKnownFileType = file.playground; path = deferred.playground; sourceTree = "<group>"; xcLanguageSpecificationIdentifier = xcode.lang.swift; };
		AB10D4A32BE2968D00A6FCCD /* create.playground */ = {isa = PBXFileReference; lastKnownFileType = file.playground; path = create.playground; sourceTree = "<group>"; xcLanguageSpecificationIdentifier = xcode.lang.swift; };
		AB10D4A52BE2985D00A6FCCD /* empty.playground */ = {isa = PBXFileReference; lastKnownFileType = file.playground; path = empty.playground; sourceTree = "<group>"; xcLanguageSpecificationIdentifier = xcode.lang.swift; };
		AB10D4A62BE298E700A6FCCD /* error.playground */ = {isa = PBXFileReference; lastKnownFileType = file.playground; path = error.playground; sourceTree = "<group>"; xcLanguageSpecificationIdentifier = xcode.lang.swift; };
		AB10D4A82BE29A0400A6FCCD /* ignoreElements.playground */ = {isa = PBXFileReference; lastKnownFileType = file.playground; path = ignoreElements.playground; sourceTree = "<group>"; xcLanguageSpecificationIdentifier = xcode.lang.swift; };
		AB1E43502BE252290005C39D /* RxSwift-Practice.app */ = {isa = PBXFileReference; explicitFileType = wrapper.application; includeInIndex = 0; path = "RxSwift-Practice.app"; sourceTree = BUILT_PRODUCTS_DIR; };
		AB1E43532BE252290005C39D /* AppDelegate.swift */ = {isa = PBXFileReference; lastKnownFileType = sourcecode.swift; path = AppDelegate.swift; sourceTree = "<group>"; };
		AB1E43552BE252290005C39D /* SceneDelegate.swift */ = {isa = PBXFileReference; lastKnownFileType = sourcecode.swift; path = SceneDelegate.swift; sourceTree = "<group>"; };
		AB1E43572BE252290005C39D /* ViewController.swift */ = {isa = PBXFileReference; lastKnownFileType = sourcecode.swift; path = ViewController.swift; sourceTree = "<group>"; };
		AB1E435A2BE252290005C39D /* Base */ = {isa = PBXFileReference; lastKnownFileType = file.storyboard; name = Base; path = Base.lproj/Main.storyboard; sourceTree = "<group>"; };
		AB1E435C2BE2522A0005C39D /* Assets.xcassets */ = {isa = PBXFileReference; lastKnownFileType = folder.assetcatalog; path = Assets.xcassets; sourceTree = "<group>"; };
		AB1E435F2BE2522A0005C39D /* Base */ = {isa = PBXFileReference; lastKnownFileType = file.storyboard; name = Base; path = Base.lproj/LaunchScreen.storyboard; sourceTree = "<group>"; };
		AB1E43612BE2522A0005C39D /* Info.plist */ = {isa = PBXFileReference; lastKnownFileType = text.plist.xml; path = Info.plist; sourceTree = "<group>"; };
		AB5D7F3F2BE2A38400AE8B51 /* filter.playground */ = {isa = PBXFileReference; lastKnownFileType = file.playground; path = filter.playground; sourceTree = "<group>"; xcLanguageSpecificationIdentifier = xcode.lang.swift; };
		AB5D7F402BE2A5F600AE8B51 /* skip.playground */ = {isa = PBXFileReference; lastKnownFileType = file.playground; path = skip.playground; sourceTree = "<group>"; xcLanguageSpecificationIdentifier = xcode.lang.swift; };
		AB5D7F412BE2A68800AE8B51 /* skipUntil.playground */ = {isa = PBXFileReference; lastKnownFileType = file.playground; path = skipUntil.playground; sourceTree = "<group>"; xcLanguageSpecificationIdentifier = xcode.lang.swift; };
		AB5D7F422BE2A75000AE8B51 /* skipWhile.playground */ = {isa = PBXFileReference; lastKnownFileType = file.playground; path = skipWhile.playground; sourceTree = "<group>"; xcLanguageSpecificationIdentifier = xcode.lang.swift; };
		AB5D7F432BE2A85E00AE8B51 /* skipDurationScheduler.playground */ = {isa = PBXFileReference; lastKnownFileType = file.playground; path = skipDurationScheduler.playground; sourceTree = "<group>"; xcLanguageSpecificationIdentifier = xcode.lang.swift; };
		AB5D7F442BE2A96A00AE8B51 /* take.playground */ = {isa = PBXFileReference; lastKnownFileType = file.playground; path = take.playground; sourceTree = "<group>"; xcLanguageSpecificationIdentifier = xcode.lang.swift; };
		AB5D7F452BE2A9D400AE8B51 /* takeWhile.playground */ = {isa = PBXFileReference; lastKnownFileType = file.playground; path = takeWhile.playground; sourceTree = "<group>"; xcLanguageSpecificationIdentifier = xcode.lang.swift; };
		AB5D7F462BE2AAB900AE8B51 /* takeUntil.playground */ = {isa = PBXFileReference; lastKnownFileType = file.playground; path = takeUntil.playground; sourceTree = "<group>"; xcLanguageSpecificationIdentifier = xcode.lang.swift; };
		AB5D7F472BE2AC0E00AE8B51 /* takeLast.playground */ = {isa = PBXFileReference; lastKnownFileType = file.playground; path = takeLast.playground; sourceTree = "<group>"; xcLanguageSpecificationIdentifier = xcode.lang.swift; };
		AB5D7F482BE2ACFF00AE8B51 /* takeForScheduler.playground */ = {isa = PBXFileReference; lastKnownFileType = file.playground; path = takeForScheduler.playground; sourceTree = "<group>"; xcLanguageSpecificationIdentifier = xcode.lang.swift; };
		AB5D7F492BE2AD8F00AE8B51 /* single.playground */ = {isa = PBXFileReference; lastKnownFileType = file.playground; path = single.playground; sourceTree = "<group>"; xcLanguageSpecificationIdentifier = xcode.lang.swift; };
		AB5D7F4A2BE2AECA00AE8B51 /* distinctUntilChanged.playground */ = {isa = PBXFileReference; lastKnownFileType = file.playground; path = distinctUntilChanged.playground; sourceTree = "<group>"; xcLanguageSpecificationIdentifier = xcode.lang.swift; };
		AB5D7F6D2BE370C400AE8B51 /* throttle.playground */ = {isa = PBXFileReference; lastKnownFileType = file.playground; path = throttle.playground; sourceTree = "<group>"; xcLanguageSpecificationIdentifier = xcode.lang.swift; };
		AB5D7F6E2BE370D500AE8B51 /* debounce.playground */ = {isa = PBXFileReference; lastKnownFileType = file.playground; path = debounce.playground; sourceTree = "<group>"; xcLanguageSpecificationIdentifier = xcode.lang.swift; };
		ABE630AE2BE3CDBF0000B755 /* toArray.playground */ = {isa = PBXFileReference; lastKnownFileType = file.playground; path = toArray.playground; sourceTree = "<group>"; xcLanguageSpecificationIdentifier = xcode.lang.swift; };
		ABE630AF2BE3CE8B0000B755 /* map.playground */ = {isa = PBXFileReference; lastKnownFileType = file.playground; path = map.playground; sourceTree = "<group>"; xcLanguageSpecificationIdentifier = xcode.lang.swift; };
		ABE630B02BE3CF160000B755 /* compactMap.playground */ = {isa = PBXFileReference; lastKnownFileType = file.playground; path = compactMap.playground; sourceTree = "<group>"; xcLanguageSpecificationIdentifier = xcode.lang.swift; };
		ABE630B12BE3CFF90000B755 /* flatMap.playground */ = {isa = PBXFileReference; lastKnownFileType = file.playground; path = flatMap.playground; sourceTree = "<group>"; xcLanguageSpecificationIdentifier = xcode.lang.swift; };
		ABE630B42BE3D9750000B755 /* concatMap.playground */ = {isa = PBXFileReference; lastKnownFileType = file.playground; path = concatMap.playground; sourceTree = "<group>"; xcLanguageSpecificationIdentifier = xcode.lang.swift; };
		ABE630B52BE3DA0E0000B755 /* scan.playground */ = {isa = PBXFileReference; lastKnownFileType = file.playground; path = scan.playground; sourceTree = "<group>"; xcLanguageSpecificationIdentifier = xcode.lang.swift; };
		ABE630B62BE3DAB50000B755 /* buffer.playground */ = {isa = PBXFileReference; lastKnownFileType = file.playground; path = buffer.playground; sourceTree = "<group>"; xcLanguageSpecificationIdentifier = xcode.lang.swift; };
		ABE630B72BE3DBD30000B755 /* window.playground */ = {isa = PBXFileReference; lastKnownFileType = file.playground; path = window.playground; sourceTree = "<group>"; xcLanguageSpecificationIdentifier = xcode.lang.swift; };
		ABE630B82BE3DD700000B755 /* groupBy.playground */ = {isa = PBXFileReference; lastKnownFileType = file.playground; path = groupBy.playground; sourceTree = "<group>"; xcLanguageSpecificationIdentifier = xcode.lang.swift; };
		ABE630BA2BE3DEEB0000B755 /* startWith.playground */ = {isa = PBXFileReference; lastKnownFileType = file.playground; path = startWith.playground; sourceTree = "<group>"; xcLanguageSpecificationIdentifier = xcode.lang.swift; };
		ABE630BB2BE3E2560000B755 /* concat.playground */ = {isa = PBXFileReference; lastKnownFileType = file.playground; path = concat.playground; sourceTree = "<group>"; xcLanguageSpecificationIdentifier = xcode.lang.swift; };
		ABE630BC2BE3E2620000B755 /* merge.playground */ = {isa = PBXFileReference; lastKnownFileType = file.playground; path = merge.playground; sourceTree = "<group>"; xcLanguageSpecificationIdentifier = xcode.lang.swift; };
		ABE630BD2BE3E2690000B755 /* combineLatest.playground */ = {isa = PBXFileReference; lastKnownFileType = file.playground; path = combineLatest.playground; sourceTree = "<group>"; xcLanguageSpecificationIdentifier = xcode.lang.swift; };
		ABE630BE2BE3E26E0000B755 /* zip.playground */ = {isa = PBXFileReference; lastKnownFileType = file.playground; path = zip.playground; sourceTree = "<group>"; xcLanguageSpecificationIdentifier = xcode.lang.swift; };
		ABE630BF2BE3E2790000B755 /* withLatestFrom.playground */ = {isa = PBXFileReference; lastKnownFileType = file.playground; path = withLatestFrom.playground; sourceTree = "<group>"; xcLanguageSpecificationIdentifier = xcode.lang.swift; };
		ABE630C02BE3E27F0000B755 /* sample.playground */ = {isa = PBXFileReference; lastKnownFileType = file.playground; path = sample.playground; sourceTree = "<group>"; xcLanguageSpecificationIdentifier = xcode.lang.swift; };
		ABE630C12BE3E2890000B755 /* switchLatest.playground */ = {isa = PBXFileReference; lastKnownFileType = file.playground; path = switchLatest.playground; sourceTree = "<group>"; xcLanguageSpecificationIdentifier = xcode.lang.swift; };
		ABE630C22BE3E2910000B755 /* reduce.playground */ = {isa = PBXFileReference; lastKnownFileType = file.playground; path = reduce.playground; sourceTree = "<group>"; xcLanguageSpecificationIdentifier = xcode.lang.swift; };
		ABED50672BE2A0F2000135F0 /* elementAt.playground */ = {isa = PBXFileReference; lastKnownFileType = file.playground; path = elementAt.playground; sourceTree = "<group>"; xcLanguageSpecificationIdentifier = xcode.lang.swift; };
		BBF3CD6F19F2085602BA5FBA /* Pods_RxSwift_Practice.framework */ = {isa = PBXFileReference; explicitFileType = wrapper.framework; includeInIndex = 0; path = Pods_RxSwift_Practice.framework; sourceTree = BUILT_PRODUCTS_DIR; };
/* End PBXFileReference section */

/* Begin PBXFrameworksBuildPhase section */
		AB1E434D2BE252290005C39D /* Frameworks */ = {
			isa = PBXFrameworksBuildPhase;
			buildActionMask = 2147483647;
			files = (
				7E9D6C1B071D55B971C65350 /* Pods_RxSwift_Practice.framework in Frameworks */,
			);
			runOnlyForDeploymentPostprocessing = 0;
		};
/* End PBXFrameworksBuildPhase section */

/* Begin PBXGroup section */
		5996EE8056B4C2B4D677A84B /* Pods */ = {
			isa = PBXGroup;
			children = (
				95896CB1CBB6576DCA35878C /* Pods-RxSwift-Practice.debug.xcconfig */,
				A49AC7C93E42FA2CB884B672 /* Pods-RxSwift-Practice.release.xcconfig */,
			);
			path = Pods;
			sourceTree = "<group>";
		};
		AB0278242BE25363003B20CF /* Concepts */ = {
			isa = PBXGroup;
			children = (
				AB0278252BE25377003B20CF /* Observable.playground */,
				AB0278262BE258F1003B20CF /* Infallible.playground */,
				AB0278272BE26013003B20CF /* Disposables.playground */,
			);
			path = Concepts;
			sourceTree = "<group>";
		};
		AB0278282BE266B8003B20CF /* Subjects */ = {
			isa = PBXGroup;
			children = (
				AB0278292BE26848003B20CF /* PublishSubject.playground */,
				AB02782A2BE26C88003B20CF /* BehaviorSubject.playground */,
				AB02782B2BE26E89003B20CF /* ReplaySubject.playground */,
				AB02782C2BE28B06003B20CF /* AsyncSubject.playground */,
				AB02782D2BE28D2E003B20CF /* Relay.playground */,
			);
			path = Subjects;
			sourceTree = "<group>";
		};
		AB02782E2BE28F43003B20CF /* Operators */ = {
			isa = PBXGroup;
			children = (
				AB02782F2BE28F4B003B20CF /* Create Operators */,
				AB10D4A72BE299F300A6FCCD /* Filtering Operators */,
				ABE630AD2BE3CD7B0000B755 /* Transforming Operators */,
				ABE630B92BE3DED40000B755 /* Combining Operators */,
			);
			path = Operators;
			sourceTree = "<group>";
		};
		AB02782F2BE28F4B003B20CF /* Create Operators */ = {
			isa = PBXGroup;
			children = (
				AB0278302BE28F5D003B20CF /* just.playground */,
				AB10D49C2BE2900300A6FCCD /* of.playground */,
				AB10D49D2BE2907500A6FCCD /* from.playground */,
				AB10D49E2BE290F600A6FCCD /* range.playground */,
				AB10D49F2BE2918400A6FCCD /* generate.playground */,
				AB10D4A02BE2939100A6FCCD /* repeatElement.playground */,
				AB10D4A22BE2953300A6FCCD /* deferred.playground */,
				AB10D4A32BE2968D00A6FCCD /* create.playground */,
				AB10D4A52BE2985D00A6FCCD /* empty.playground */,
				AB10D4A62BE298E700A6FCCD /* error.playground */,
			);
			path = "Create Operators";
			sourceTree = "<group>";
		};
		AB10D4A72BE299F300A6FCCD /* Filtering Operators */ = {
			isa = PBXGroup;
			children = (
				AB10D4A82BE29A0400A6FCCD /* ignoreElements.playground */,
				ABED50672BE2A0F2000135F0 /* elementAt.playground */,
				AB5D7F3F2BE2A38400AE8B51 /* filter.playground */,
				AB5D7F402BE2A5F600AE8B51 /* skip.playground */,
				AB5D7F412BE2A68800AE8B51 /* skipUntil.playground */,
				AB5D7F422BE2A75000AE8B51 /* skipWhile.playground */,
				AB5D7F432BE2A85E00AE8B51 /* skipDurationScheduler.playground */,
				AB5D7F442BE2A96A00AE8B51 /* take.playground */,
				AB5D7F452BE2A9D400AE8B51 /* takeWhile.playground */,
				AB5D7F462BE2AAB900AE8B51 /* takeUntil.playground */,
				AB5D7F472BE2AC0E00AE8B51 /* takeLast.playground */,
				AB5D7F482BE2ACFF00AE8B51 /* takeForScheduler.playground */,
				AB5D7F492BE2AD8F00AE8B51 /* single.playground */,
				AB5D7F4A2BE2AECA00AE8B51 /* distinctUntilChanged.playground */,
				AB5D7F6D2BE370C400AE8B51 /* throttle.playground */,
				AB5D7F6E2BE370D500AE8B51 /* debounce.playground */,
			);
			path = "Filtering Operators";
			sourceTree = "<group>";
		};
		AB1E43472BE252290005C39D = {
			isa = PBXGroup;
			children = (
				AB0278242BE25363003B20CF /* Concepts */,
				AB0278282BE266B8003B20CF /* Subjects */,
				AB02782E2BE28F43003B20CF /* Operators */,
				AB1E43522BE252290005C39D /* RxSwift-Practice */,
				AB1E43512BE252290005C39D /* Products */,
				5996EE8056B4C2B4D677A84B /* Pods */,
				D268DA304DA9EFDA3CB6EFF2 /* Frameworks */,
			);
			sourceTree = "<group>";
		};
		AB1E43512BE252290005C39D /* Products */ = {
			isa = PBXGroup;
			children = (
				AB1E43502BE252290005C39D /* RxSwift-Practice.app */,
			);
			name = Products;
			sourceTree = "<group>";
		};
		AB1E43522BE252290005C39D /* RxSwift-Practice */ = {
			isa = PBXGroup;
			children = (
				AB1E43532BE252290005C39D /* AppDelegate.swift */,
				AB1E43552BE252290005C39D /* SceneDelegate.swift */,
				AB1E43572BE252290005C39D /* ViewController.swift */,
				AB1E43592BE252290005C39D /* Main.storyboard */,
				AB1E435C2BE2522A0005C39D /* Assets.xcassets */,
				AB1E435E2BE2522A0005C39D /* LaunchScreen.storyboard */,
				AB1E43612BE2522A0005C39D /* Info.plist */,
			);
			path = "RxSwift-Practice";
			sourceTree = "<group>";
		};
		ABE630AD2BE3CD7B0000B755 /* Transforming Operators */ = {
			isa = PBXGroup;
			children = (
				ABE630AE2BE3CDBF0000B755 /* toArray.playground */,
				ABE630AF2BE3CE8B0000B755 /* map.playground */,
				ABE630B02BE3CF160000B755 /* compactMap.playground */,
				ABE630B12BE3CFF90000B755 /* flatMap.playground */,
				ABE630B42BE3D9750000B755 /* concatMap.playground */,
				ABE630B52BE3DA0E0000B755 /* scan.playground */,
				ABE630B62BE3DAB50000B755 /* buffer.playground */,
				ABE630B72BE3DBD30000B755 /* window.playground */,
				ABE630B82BE3DD700000B755 /* groupBy.playground */,
			);
			path = "Transforming Operators";
			sourceTree = "<group>";
		};
		ABE630B92BE3DED40000B755 /* Combining Operators */ = {
			isa = PBXGroup;
			children = (
				ABE630BA2BE3DEEB0000B755 /* startWith.playground */,
				ABE630BB2BE3E2560000B755 /* concat.playground */,
				ABE630BC2BE3E2620000B755 /* merge.playground */,
				ABE630BD2BE3E2690000B755 /* combineLatest.playground */,
				ABE630BE2BE3E26E0000B755 /* zip.playground */,
				ABE630BF2BE3E2790000B755 /* withLatestFrom.playground */,
				ABE630C02BE3E27F0000B755 /* sample.playground */,
				ABE630C12BE3E2890000B755 /* switchLatest.playground */,
				ABE630C22BE3E2910000B755 /* reduce.playground */,
			);
			path = "Combining Operators";
			sourceTree = "<group>";
		};
		D268DA304DA9EFDA3CB6EFF2 /* Frameworks */ = {
			isa = PBXGroup;
			children = (
				BBF3CD6F19F2085602BA5FBA /* Pods_RxSwift_Practice.framework */,
			);
			name = Frameworks;
			sourceTree = "<group>";
		};
/* End PBXGroup section */

/* Begin PBXNativeTarget section */
		AB1E434F2BE252290005C39D /* RxSwift-Practice */ = {
			isa = PBXNativeTarget;
			buildConfigurationList = AB1E43642BE2522A0005C39D /* Build configuration list for PBXNativeTarget "RxSwift-Practice" */;
			buildPhases = (
				12CB54013C5BC0E1B89507C4 /* [CP] Check Pods Manifest.lock */,
				AB1E434C2BE252290005C39D /* Sources */,
				AB1E434D2BE252290005C39D /* Frameworks */,
				AB1E434E2BE252290005C39D /* Resources */,
				7EB0BB58641417BCEC35CD7F /* [CP] Embed Pods Frameworks */,
			);
			buildRules = (
			);
			dependencies = (
			);
			name = "RxSwift-Practice";
			productName = "RxSwift-Practice";
			productReference = AB1E43502BE252290005C39D /* RxSwift-Practice.app */;
			productType = "com.apple.product-type.application";
		};
/* End PBXNativeTarget section */

/* Begin PBXProject section */
		AB1E43482BE252290005C39D /* Project object */ = {
			isa = PBXProject;
			attributes = {
				BuildIndependentTargetsInParallel = 1;
				LastSwiftUpdateCheck = 1500;
				LastUpgradeCheck = 1500;
				TargetAttributes = {
					AB1E434F2BE252290005C39D = {
						CreatedOnToolsVersion = 15.0;
					};
				};
			};
			buildConfigurationList = AB1E434B2BE252290005C39D /* Build configuration list for PBXProject "RxSwift-Practice" */;
			compatibilityVersion = "Xcode 14.0";
			developmentRegion = en;
			hasScannedForEncodings = 0;
			knownRegions = (
				en,
				Base,
			);
			mainGroup = AB1E43472BE252290005C39D;
			productRefGroup = AB1E43512BE252290005C39D /* Products */;
			projectDirPath = "";
			projectRoot = "";
			targets = (
				AB1E434F2BE252290005C39D /* RxSwift-Practice */,
			);
		};
/* End PBXProject section */

/* Begin PBXResourcesBuildPhase section */
		AB1E434E2BE252290005C39D /* Resources */ = {
			isa = PBXResourcesBuildPhase;
			buildActionMask = 2147483647;
			files = (
				AB1E43602BE2522A0005C39D /* LaunchScreen.storyboard in Resources */,
				AB1E435D2BE2522A0005C39D /* Assets.xcassets in Resources */,
				AB1E435B2BE252290005C39D /* Main.storyboard in Resources */,
			);
			runOnlyForDeploymentPostprocessing = 0;
		};
/* End PBXResourcesBuildPhase section */

/* Begin PBXShellScriptBuildPhase section */
		12CB54013C5BC0E1B89507C4 /* [CP] Check Pods Manifest.lock */ = {
			isa = PBXShellScriptBuildPhase;
			buildActionMask = 2147483647;
			files = (
			);
			inputFileListPaths = (
			);
			inputPaths = (
				"${PODS_PODFILE_DIR_PATH}/Podfile.lock",
				"${PODS_ROOT}/Manifest.lock",
			);
			name = "[CP] Check Pods Manifest.lock";
			outputFileListPaths = (
			);
			outputPaths = (
				"$(DERIVED_FILE_DIR)/Pods-RxSwift-Practice-checkManifestLockResult.txt",
			);
			runOnlyForDeploymentPostprocessing = 0;
			shellPath = /bin/sh;
			shellScript = "diff \"${PODS_PODFILE_DIR_PATH}/Podfile.lock\" \"${PODS_ROOT}/Manifest.lock\" > /dev/null\nif [ $? != 0 ] ; then\n    # print error to STDERR\n    echo \"error: The sandbox is not in sync with the Podfile.lock. Run 'pod install' or update your CocoaPods installation.\" >&2\n    exit 1\nfi\n# This output is used by Xcode 'outputs' to avoid re-running this script phase.\necho \"SUCCESS\" > \"${SCRIPT_OUTPUT_FILE_0}\"\n";
			showEnvVarsInLog = 0;
		};
		7EB0BB58641417BCEC35CD7F /* [CP] Embed Pods Frameworks */ = {
			isa = PBXShellScriptBuildPhase;
			buildActionMask = 2147483647;
			files = (
			);
			inputFileListPaths = (
				"${PODS_ROOT}/Target Support Files/Pods-RxSwift-Practice/Pods-RxSwift-Practice-frameworks-${CONFIGURATION}-input-files.xcfilelist",
			);
			name = "[CP] Embed Pods Frameworks";
			outputFileListPaths = (
				"${PODS_ROOT}/Target Support Files/Pods-RxSwift-Practice/Pods-RxSwift-Practice-frameworks-${CONFIGURATION}-output-files.xcfilelist",
			);
			runOnlyForDeploymentPostprocessing = 0;
			shellPath = /bin/sh;
			shellScript = "\"${PODS_ROOT}/Target Support Files/Pods-RxSwift-Practice/Pods-RxSwift-Practice-frameworks.sh\"\n";
			showEnvVarsInLog = 0;
		};
/* End PBXShellScriptBuildPhase section */

/* Begin PBXSourcesBuildPhase section */
		AB1E434C2BE252290005C39D /* Sources */ = {
			isa = PBXSourcesBuildPhase;
			buildActionMask = 2147483647;
			files = (
				AB1E43582BE252290005C39D /* ViewController.swift in Sources */,
				AB1E43542BE252290005C39D /* AppDelegate.swift in Sources */,
				AB1E43562BE252290005C39D /* SceneDelegate.swift in Sources */,
			);
			runOnlyForDeploymentPostprocessing = 0;
		};
/* End PBXSourcesBuildPhase section */

/* Begin PBXVariantGroup section */
		AB1E43592BE252290005C39D /* Main.storyboard */ = {
			isa = PBXVariantGroup;
			children = (
				AB1E435A2BE252290005C39D /* Base */,
			);
			name = Main.storyboard;
			sourceTree = "<group>";
		};
		AB1E435E2BE2522A0005C39D /* LaunchScreen.storyboard */ = {
			isa = PBXVariantGroup;
			children = (
				AB1E435F2BE2522A0005C39D /* Base */,
			);
			name = LaunchScreen.storyboard;
			sourceTree = "<group>";
		};
/* End PBXVariantGroup section */

/* Begin XCBuildConfiguration section */
		AB1E43622BE2522A0005C39D /* Debug */ = {
			isa = XCBuildConfiguration;
			buildSettings = {
				ALWAYS_SEARCH_USER_PATHS = NO;
				ASSETCATALOG_COMPILER_GENERATE_SWIFT_ASSET_SYMBOL_EXTENSIONS = YES;
				CLANG_ANALYZER_NONNULL = YES;
				CLANG_ANALYZER_NUMBER_OBJECT_CONVERSION = YES_AGGRESSIVE;
				CLANG_CXX_LANGUAGE_STANDARD = "gnu++20";
				CLANG_ENABLE_MODULES = YES;
				CLANG_ENABLE_OBJC_ARC = YES;
				CLANG_ENABLE_OBJC_WEAK = YES;
				CLANG_WARN_BLOCK_CAPTURE_AUTORELEASING = YES;
				CLANG_WARN_BOOL_CONVERSION = YES;
				CLANG_WARN_COMMA = YES;
				CLANG_WARN_CONSTANT_CONVERSION = YES;
				CLANG_WARN_DEPRECATED_OBJC_IMPLEMENTATIONS = YES;
				CLANG_WARN_DIRECT_OBJC_ISA_USAGE = YES_ERROR;
				CLANG_WARN_DOCUMENTATION_COMMENTS = YES;
				CLANG_WARN_EMPTY_BODY = YES;
				CLANG_WARN_ENUM_CONVERSION = YES;
				CLANG_WARN_INFINITE_RECURSION = YES;
				CLANG_WARN_INT_CONVERSION = YES;
				CLANG_WARN_NON_LITERAL_NULL_CONVERSION = YES;
				CLANG_WARN_OBJC_IMPLICIT_RETAIN_SELF = YES;
				CLANG_WARN_OBJC_LITERAL_CONVERSION = YES;
				CLANG_WARN_OBJC_ROOT_CLASS = YES_ERROR;
				CLANG_WARN_QUOTED_INCLUDE_IN_FRAMEWORK_HEADER = YES;
				CLANG_WARN_RANGE_LOOP_ANALYSIS = YES;
				CLANG_WARN_STRICT_PROTOTYPES = YES;
				CLANG_WARN_SUSPICIOUS_MOVE = YES;
				CLANG_WARN_UNGUARDED_AVAILABILITY = YES_AGGRESSIVE;
				CLANG_WARN_UNREACHABLE_CODE = YES;
				CLANG_WARN__DUPLICATE_METHOD_MATCH = YES;
				COPY_PHASE_STRIP = NO;
				DEBUG_INFORMATION_FORMAT = dwarf;
				ENABLE_STRICT_OBJC_MSGSEND = YES;
				ENABLE_TESTABILITY = YES;
				ENABLE_USER_SCRIPT_SANDBOXING = NO;
				GCC_C_LANGUAGE_STANDARD = gnu17;
				GCC_DYNAMIC_NO_PIC = NO;
				GCC_NO_COMMON_BLOCKS = YES;
				GCC_OPTIMIZATION_LEVEL = 0;
				GCC_PREPROCESSOR_DEFINITIONS = (
					"DEBUG=1",
					"$(inherited)",
				);
				GCC_WARN_64_TO_32_BIT_CONVERSION = YES;
				GCC_WARN_ABOUT_RETURN_TYPE = YES_ERROR;
				GCC_WARN_UNDECLARED_SELECTOR = YES;
				GCC_WARN_UNINITIALIZED_AUTOS = YES_AGGRESSIVE;
				GCC_WARN_UNUSED_FUNCTION = YES;
				GCC_WARN_UNUSED_VARIABLE = YES;
				IPHONEOS_DEPLOYMENT_TARGET = 15.0;
				LOCALIZATION_PREFERS_STRING_CATALOGS = YES;
				MTL_ENABLE_DEBUG_INFO = INCLUDE_SOURCE;
				MTL_FAST_MATH = YES;
				ONLY_ACTIVE_ARCH = YES;
				SDKROOT = iphoneos;
				SWIFT_ACTIVE_COMPILATION_CONDITIONS = "DEBUG $(inherited)";
				SWIFT_OPTIMIZATION_LEVEL = "-Onone";
			};
			name = Debug;
		};
		AB1E43632BE2522A0005C39D /* Release */ = {
			isa = XCBuildConfiguration;
			buildSettings = {
				ALWAYS_SEARCH_USER_PATHS = NO;
				ASSETCATALOG_COMPILER_GENERATE_SWIFT_ASSET_SYMBOL_EXTENSIONS = YES;
				CLANG_ANALYZER_NONNULL = YES;
				CLANG_ANALYZER_NUMBER_OBJECT_CONVERSION = YES_AGGRESSIVE;
				CLANG_CXX_LANGUAGE_STANDARD = "gnu++20";
				CLANG_ENABLE_MODULES = YES;
				CLANG_ENABLE_OBJC_ARC = YES;
				CLANG_ENABLE_OBJC_WEAK = YES;
				CLANG_WARN_BLOCK_CAPTURE_AUTORELEASING = YES;
				CLANG_WARN_BOOL_CONVERSION = YES;
				CLANG_WARN_COMMA = YES;
				CLANG_WARN_CONSTANT_CONVERSION = YES;
				CLANG_WARN_DEPRECATED_OBJC_IMPLEMENTATIONS = YES;
				CLANG_WARN_DIRECT_OBJC_ISA_USAGE = YES_ERROR;
				CLANG_WARN_DOCUMENTATION_COMMENTS = YES;
				CLANG_WARN_EMPTY_BODY = YES;
				CLANG_WARN_ENUM_CONVERSION = YES;
				CLANG_WARN_INFINITE_RECURSION = YES;
				CLANG_WARN_INT_CONVERSION = YES;
				CLANG_WARN_NON_LITERAL_NULL_CONVERSION = YES;
				CLANG_WARN_OBJC_IMPLICIT_RETAIN_SELF = YES;
				CLANG_WARN_OBJC_LITERAL_CONVERSION = YES;
				CLANG_WARN_OBJC_ROOT_CLASS = YES_ERROR;
				CLANG_WARN_QUOTED_INCLUDE_IN_FRAMEWORK_HEADER = YES;
				CLANG_WARN_RANGE_LOOP_ANALYSIS = YES;
				CLANG_WARN_STRICT_PROTOTYPES = YES;
				CLANG_WARN_SUSPICIOUS_MOVE = YES;
				CLANG_WARN_UNGUARDED_AVAILABILITY = YES_AGGRESSIVE;
				CLANG_WARN_UNREACHABLE_CODE = YES;
				CLANG_WARN__DUPLICATE_METHOD_MATCH = YES;
				COPY_PHASE_STRIP = NO;
				DEBUG_INFORMATION_FORMAT = "dwarf-with-dsym";
				ENABLE_NS_ASSERTIONS = NO;
				ENABLE_STRICT_OBJC_MSGSEND = YES;
				ENABLE_USER_SCRIPT_SANDBOXING = NO;
				GCC_C_LANGUAGE_STANDARD = gnu17;
				GCC_NO_COMMON_BLOCKS = YES;
				GCC_WARN_64_TO_32_BIT_CONVERSION = YES;
				GCC_WARN_ABOUT_RETURN_TYPE = YES_ERROR;
				GCC_WARN_UNDECLARED_SELECTOR = YES;
				GCC_WARN_UNINITIALIZED_AUTOS = YES_AGGRESSIVE;
				GCC_WARN_UNUSED_FUNCTION = YES;
				GCC_WARN_UNUSED_VARIABLE = YES;
				IPHONEOS_DEPLOYMENT_TARGET = 15.0;
				LOCALIZATION_PREFERS_STRING_CATALOGS = YES;
				MTL_ENABLE_DEBUG_INFO = NO;
				MTL_FAST_MATH = YES;
				SDKROOT = iphoneos;
				SWIFT_COMPILATION_MODE = wholemodule;
				VALIDATE_PRODUCT = YES;
			};
			name = Release;
		};
		AB1E43652BE2522A0005C39D /* Debug */ = {
			isa = XCBuildConfiguration;
			baseConfigurationReference = 95896CB1CBB6576DCA35878C /* Pods-RxSwift-Practice.debug.xcconfig */;
			buildSettings = {
				ASSETCATALOG_COMPILER_APPICON_NAME = AppIcon;
				ASSETCATALOG_COMPILER_GLOBAL_ACCENT_COLOR_NAME = AccentColor;
				CODE_SIGN_STYLE = Automatic;
				CURRENT_PROJECT_VERSION = 1;
				DEVELOPMENT_TEAM = BTX96P3YD4;
				GENERATE_INFOPLIST_FILE = YES;
				INFOPLIST_FILE = "RxSwift-Practice/Info.plist";
				INFOPLIST_KEY_UIApplicationSupportsIndirectInputEvents = YES;
				INFOPLIST_KEY_UILaunchStoryboardName = LaunchScreen;
				INFOPLIST_KEY_UIMainStoryboardFile = Main;
				INFOPLIST_KEY_UISupportedInterfaceOrientations_iPad = "UIInterfaceOrientationPortrait UIInterfaceOrientationPortraitUpsideDown UIInterfaceOrientationLandscapeLeft UIInterfaceOrientationLandscapeRight";
				INFOPLIST_KEY_UISupportedInterfaceOrientations_iPhone = "UIInterfaceOrientationPortrait UIInterfaceOrientationLandscapeLeft UIInterfaceOrientationLandscapeRight";
				LD_RUNPATH_SEARCH_PATHS = (
					"$(inherited)",
					"@executable_path/Frameworks",
				);
				MARKETING_VERSION = 1.0;
				PRODUCT_BUNDLE_IDENTIFIER = "min.RxSwift-Practice";
				PRODUCT_NAME = "$(TARGET_NAME)";
				SWIFT_EMIT_LOC_STRINGS = YES;
				SWIFT_VERSION = 5.0;
				TARGETED_DEVICE_FAMILY = 1;
			};
			name = Debug;
		};
		AB1E43662BE2522A0005C39D /* Release */ = {
			isa = XCBuildConfiguration;
			baseConfigurationReference = A49AC7C93E42FA2CB884B672 /* Pods-RxSwift-Practice.release.xcconfig */;
			buildSettings = {
				ASSETCATALOG_COMPILER_APPICON_NAME = AppIcon;
				ASSETCATALOG_COMPILER_GLOBAL_ACCENT_COLOR_NAME = AccentColor;
				CODE_SIGN_STYLE = Automatic;
				CURRENT_PROJECT_VERSION = 1;
				DEVELOPMENT_TEAM = BTX96P3YD4;
				GENERATE_INFOPLIST_FILE = YES;
				INFOPLIST_FILE = "RxSwift-Practice/Info.plist";
				INFOPLIST_KEY_UIApplicationSupportsIndirectInputEvents = YES;
				INFOPLIST_KEY_UILaunchStoryboardName = LaunchScreen;
				INFOPLIST_KEY_UIMainStoryboardFile = Main;
				INFOPLIST_KEY_UISupportedInterfaceOrientations_iPad = "UIInterfaceOrientationPortrait UIInterfaceOrientationPortraitUpsideDown UIInterfaceOrientationLandscapeLeft UIInterfaceOrientationLandscapeRight";
				INFOPLIST_KEY_UISupportedInterfaceOrientations_iPhone = "UIInterfaceOrientationPortrait UIInterfaceOrientationLandscapeLeft UIInterfaceOrientationLandscapeRight";
				LD_RUNPATH_SEARCH_PATHS = (
					"$(inherited)",
					"@executable_path/Frameworks",
				);
				MARKETING_VERSION = 1.0;
				PRODUCT_BUNDLE_IDENTIFIER = "min.RxSwift-Practice";
				PRODUCT_NAME = "$(TARGET_NAME)";
				SWIFT_EMIT_LOC_STRINGS = YES;
				SWIFT_VERSION = 5.0;
				TARGETED_DEVICE_FAMILY = 1;
			};
			name = Release;
		};
/* End XCBuildConfiguration section */

/* Begin XCConfigurationList section */
		AB1E434B2BE252290005C39D /* Build configuration list for PBXProject "RxSwift-Practice" */ = {
			isa = XCConfigurationList;
			buildConfigurations = (
				AB1E43622BE2522A0005C39D /* Debug */,
				AB1E43632BE2522A0005C39D /* Release */,
			);
			defaultConfigurationIsVisible = 0;
			defaultConfigurationName = Release;
		};
		AB1E43642BE2522A0005C39D /* Build configuration list for PBXNativeTarget "RxSwift-Practice" */ = {
			isa = XCConfigurationList;
			buildConfigurations = (
				AB1E43652BE2522A0005C39D /* Debug */,
				AB1E43662BE2522A0005C39D /* Release */,
			);
			defaultConfigurationIsVisible = 0;
			defaultConfigurationName = Release;
		};
/* End XCConfigurationList section */
	};
	rootObject = AB1E43482BE252290005C39D /* Project object */;
}
